dependencies:
  espressif/esp-idf-cxx:
    component_hash: b002e54e2373e2890ceabd4d16451aaec1937e535e7129ea5f9960dd89ef9e7e
    source:
      service_url: https://api.components.espressif.com/
      type: service
    version: 1.0.0-beta
  espressif/esp_mqtt_cxx:
    component_hash: d65e459793ff320f81b57fbcd451610636e8175dcd33512481420eb476cae5c5
    source:
      service_url: https://api.components.espressif.com/
      type: service
    version: 0.1.0
  idf:
    component_hash: null
    source:
      type: idf
    version: 5.0.2
manifest_hash: 40cd68c3353feebba7bc81ffa30dfb80399f477c8f125a01a3226543b8762ad3
target: esp32
version: 1.0.0
